# THIS IS AN AUTOGENERATED FILE. DO NOT EDIT THIS FILE DIRECTLY.
# yarn lockfile v1


"@fortawesome/fontawesome-common-types@^0.1.7":
  version "0.1.7"
  resolved "https://registry.yarnpkg.com/@fortawesome/fontawesome-common-types/-/fontawesome-common-types-0.1.7.tgz#4336c4b06d0b5608ff1215464b66fcf9f4795284"

"@fortawesome/fontawesome-free-brands@^5.0.13":
  version "5.0.13"
  resolved "https://registry.yarnpkg.com/@fortawesome/fontawesome-free-brands/-/fontawesome-free-brands-5.0.13.tgz#4d15ff4e1e862d5e4a4df3654f8e8acbd47e9c09"
  dependencies:
    "@fortawesome/fontawesome-common-types" "^0.1.7"

"@fortawesome/fontawesome-free-regular@^5.0.13":
  version "5.0.13"
  resolved "https://registry.yarnpkg.com/@fortawesome/fontawesome-free-regular/-/fontawesome-free-regular-5.0.13.tgz#eb78c30184e3f456a423a1dcfa0f682f7b50de4a"
  dependencies:
    "@fortawesome/fontawesome-common-types" "^0.1.7"

"@fortawesome/fontawesome-free-solid@^5.0.13":
  version "5.0.13"
  resolved "https://registry.yarnpkg.com/@fortawesome/fontawesome-free-solid/-/fontawesome-free-solid-5.0.13.tgz#24b61aaf471a9d34a5364b052d64a516285ba894"
  dependencies:
    "@fortawesome/fontawesome-common-types" "^0.1.7"

"@fortawesome/fontawesome@^1.1.8":
  version "1.1.8"
  resolved "https://registry.yarnpkg.com/@fortawesome/fontawesome/-/fontawesome-1.1.8.tgz#75fe66a60f95508160bb16bd781ad7d89b280f5b"
  dependencies:
    "@fortawesome/fontawesome-common-types" "^0.1.7"

"@fortawesome/vue-fontawesome@^0.0.23":
  version "0.0.23"
  resolved "https://registry.yarnpkg.com/@fortawesome/vue-fontawesome/-/vue-fontawesome-0.0.23.tgz#e70e3a9c30840e7ef437f99879254245c27c1b76"

date-fns@^1.29.0:
  version "1.29.0"
  resolved "https://registry.yarnpkg.com/date-fns/-/date-fns-1.29.0.tgz#12e609cdcb935127311d04d33334e2960a2a54e6"

extend@~1.2.1:
  version "1.2.1"
  resolved "https://registry.yarnpkg.com/extend/-/extend-1.2.1.tgz#a0f5fd6cfc83a5fe49ef698d60ec8a624dd4576c"

geopattern@^1.2.3:
  version "1.2.3"
  resolved "https://registry.yarnpkg.com/geopattern/-/geopattern-1.2.3.tgz#de96602e46dba9095ca5774bfb3b36308f7e63fe"
  dependencies:
    extend "~1.2.1"

vue@^2.5.16:
  version "2.5.16"
  resolved "https://registry.yarnpkg.com/vue/-/vue-2.5.16.tgz#07edb75e8412aaeed871ebafa99f4672584a0085"
